
Microsoft Visual Studio Solution File, Format Version 12.00
# Visual Studio Version 17
VisualStudioVersion = 17.0.31903.59
MinimumVisualStudioVersion = 10.0.40219.1
Project("{FAE04EC0-301F-11D3-BF4B-00C04F79EFBC}") = "Dev.Tech.Solutions.Domain", "Dev.Tech.Solutions.Domain\Dev.Tech.Solutions.Domain.csproj", "{E7ACAA50-7299-4F19-A1F8-4FC41784EC89}"
EndProject
Project("{FAE04EC0-301F-11D3-BF4B-00C04F79EFBC}") = "Dev.Tech.Solutions.Api", "Dev.Tech.Solutions.Api\Dev.Tech.Solutions.Api.csproj", "{AE223A70-1EDF-4268-88C9-7761F0A6991E}"
EndProject
Project("{FAE04EC0-301F-11D3-BF4B-00C04F79EFBC}") = "Dev.Tech.Solutions.Data", "Dev.Tech.Solutions.Data\Dev.Tech.Solutions.Data.csproj", "{4CD899FB-3894-4AE2-A16F-09CF795E2677}"
EndProject
Project("{2150E333-8FDC-42A3-9474-1A3956D46DE8}") = "tests", "tests", "{70C73C0E-1BB7-4BEB-BDFB-4A41045D09FE}"
EndProject
Project("{FAE04EC0-301F-11D3-BF4B-00C04F79EFBC}") = "Dev.Tech.Solutions.Domain.Tests", "tests\Dev.Tech.Solutions.Domain.Tests\Dev.Tech.Solutions.Domain.Tests.csproj", "{0CB47D44-3FE6-4CEC-9737-B42A067DB88E}"
EndProject
Global
	GlobalSection(SolutionConfigurationPlatforms) = preSolution
		Debug|Any CPU = Debug|Any CPU
		Release|Any CPU = Release|Any CPU
	EndGlobalSection
	GlobalSection(SolutionProperties) = preSolution
		HideSolutionNode = FALSE
	EndGlobalSection
	GlobalSection(ProjectConfigurationPlatforms) = postSolution
		{E7ACAA50-7299-4F19-A1F8-4FC41784EC89}.Debug|Any CPU.ActiveCfg = Debug|Any CPU
		{E7ACAA50-7299-4F19-A1F8-4FC41784EC89}.Debug|Any CPU.Build.0 = Debug|Any CPU
		{E7ACAA50-7299-4F19-A1F8-4FC41784EC89}.Release|Any CPU.ActiveCfg = Release|Any CPU
		{E7ACAA50-7299-4F19-A1F8-4FC41784EC89}.Release|Any CPU.Build.0 = Release|Any CPU
		{AE223A70-1EDF-4268-88C9-7761F0A6991E}.Debug|Any CPU.ActiveCfg = Debug|Any CPU
		{AE223A70-1EDF-4268-88C9-7761F0A6991E}.Debug|Any CPU.Build.0 = Debug|Any CPU
		{AE223A70-1EDF-4268-88C9-7761F0A6991E}.Release|Any CPU.ActiveCfg = Release|Any CPU
		{AE223A70-1EDF-4268-88C9-7761F0A6991E}.Release|Any CPU.Build.0 = Release|Any CPU
		{4CD899FB-3894-4AE2-A16F-09CF795E2677}.Debug|Any CPU.ActiveCfg = Debug|Any CPU
		{4CD899FB-3894-4AE2-A16F-09CF795E2677}.Debug|Any CPU.Build.0 = Debug|Any CPU
		{4CD899FB-3894-4AE2-A16F-09CF795E2677}.Release|Any CPU.ActiveCfg = Release|Any CPU
		{4CD899FB-3894-4AE2-A16F-09CF795E2677}.Release|Any CPU.Build.0 = Release|Any CPU
		{0CB47D44-3FE6-4CEC-9737-B42A067DB88E}.Debug|Any CPU.ActiveCfg = Debug|Any CPU
		{0CB47D44-3FE6-4CEC-9737-B42A067DB88E}.Debug|Any CPU.Build.0 = Debug|Any CPU
		{0CB47D44-3FE6-4CEC-9737-B42A067DB88E}.Release|Any CPU.ActiveCfg = Release|Any CPU
		{0CB47D44-3FE6-4CEC-9737-B42A067DB88E}.Release|Any CPU.Build.0 = Release|Any CPU
	EndGlobalSection
	GlobalSection(NestedProjects) = preSolution
		{0CB47D44-3FE6-4CEC-9737-B42A067DB88E} = {70C73C0E-1BB7-4BEB-BDFB-4A41045D09FE}
	EndGlobalSection
EndGlobal
