
Microsoft Visual Studio Solution File, Format Version 12.00
# Visual Studio Version 17
VisualStudioVersion = 17.0.31903.59
MinimumVisualStudioVersion = 10.0.40219.1
Project("{FAE04EC0-301F-11D3-BF4B-00C04F79EFBC}") = "DevTechSolutions.Api", "DevTechSolutions.Api\DevTechSolutions.Api.csproj", "{BA055893-5DD2-4475-AD72-BDFFC42D72F2}"
EndProject
Project("{FAE04EC0-301F-11D3-BF4B-00C04F79EFBC}") = "DevTechSolutions.Domain", "DevTechSolutions.Domain\DevTechSolutions.Domain.csproj", "{3932757B-4021-40EC-B74E-315EAA92720F}"
EndProject
Global
	GlobalSection(SolutionConfigurationPlatforms) = preSolution
		Debug|Any CPU = Debug|Any CPU
		Release|Any CPU = Release|Any CPU
	EndGlobalSection
	GlobalSection(SolutionProperties) = preSolution
		HideSolutionNode = FALSE
	EndGlobalSection
	GlobalSection(ProjectConfigurationPlatforms) = postSolution
		{BA055893-5DD2-4475-AD72-BDFFC42D72F2}.Debug|Any CPU.ActiveCfg = Debug|Any CPU
		{BA055893-5DD2-4475-AD72-BDFFC42D72F2}.Debug|Any CPU.Build.0 = Debug|Any CPU
		{BA055893-5DD2-4475-AD72-BDFFC42D72F2}.Release|Any CPU.ActiveCfg = Release|Any CPU
		{BA055893-5DD2-4475-AD72-BDFFC42D72F2}.Release|Any CPU.Build.0 = Release|Any CPU
		{3932757B-4021-40EC-B74E-315EAA92720F}.Debug|Any CPU.ActiveCfg = Debug|Any CPU
		{3932757B-4021-40EC-B74E-315EAA92720F}.Debug|Any CPU.Build.0 = Debug|Any CPU
		{3932757B-4021-40EC-B74E-315EAA92720F}.Release|Any CPU.ActiveCfg = Release|Any CPU
		{3932757B-4021-40EC-B74E-315EAA92720F}.Release|Any CPU.Build.0 = Release|Any CPU
	EndGlobalSection
EndGlobal
